Microsoft Visual Studio Solution File, Format Version 12.00
# Visual Studio Version 17
VisualStudioVersion = 17.0.31903.59
MinimumVisualStudioVersion = 10.0.40219.1
Project("{FAE04EC0-301F-11D3-BF4B-00C04F79EFBC}") = "StadiumDrinkOrdering.API", "StadiumDrinkOrdering.API\StadiumDrinkOrdering.API.csproj", "{84F72CC7-5C17-4F2B-AB13-C955F9980DB1}"
EndProject
Project("{FAE04EC0-301F-11D3-BF4B-00C04F79EFBC}") = "StadiumDrinkOrdering.Customer", "StadiumDrinkOrdering.Customer\StadiumDrinkOrdering.Customer.csproj", "{BAB5ACAB-F99D-40DA-ABD8-27EA1E7F8DFC}"
EndProject
Project("{FAE04EC0-301F-11D3-BF4B-00C04F79EFBC}") = "StadiumDrinkOrdering.Admin", "StadiumDrinkOrdering.Admin\StadiumDrinkOrdering.Admin.csproj", "{7C2FECEF-AE1C-4482-90F3-DBA52658BFE5}"
EndProject
Project("{FAE04EC0-301F-11D3-BF4B-00C04F79EFBC}") = "StadiumDrinkOrdering.Shared", "StadiumDrinkOrdering.Shared\StadiumDrinkOrdering.Shared.csproj", "{D8A2B2D0-6782-480A-9C22-17AED0479471}"
EndProject
Project("{E53339B2-1760-4266-BCC7-CA923CBCF16C}") = "docker-compose", "docker-compose.dcproj", "{A1B2C3D4-E5F6-7890-ABCD-123456789012}"
EndProject
Global
	GlobalSection(SolutionConfigurationPlatforms) = preSolution
		Debug|Any CPU = Debug|Any CPU
		Debug|x64 = Debug|x64
		Debug|x86 = Debug|x86
		Release|Any CPU = Release|Any CPU
		Release|x64 = Release|x64
		Release|x86 = Release|x86
	EndGlobalSection
	GlobalSection(ProjectConfigurationPlatforms) = postSolution
		{84F72CC7-5C17-4F2B-AB13-C955F9980DB1}.Debug|Any CPU.ActiveCfg = Debug|Any CPU
		{84F72CC7-5C17-4F2B-AB13-C955F9980DB1}.Debug|Any CPU.Build.0 = Debug|Any CPU
		{84F72CC7-5C17-4F2B-AB13-C955F9980DB1}.Debug|x64.ActiveCfg = Debug|Any CPU
		{84F72CC7-5C17-4F2B-AB13-C955F9980DB1}.Debug|x64.Build.0 = Debug|Any CPU
		{84F72CC7-5C17-4F2B-AB13-C955F9980DB1}.Debug|x86.ActiveCfg = Debug|Any CPU
		{84F72CC7-5C17-4F2B-AB13-C955F9980DB1}.Debug|x86.Build.0 = Debug|Any CPU
		{84F72CC7-5C17-4F2B-AB13-C955F9980DB1}.Release|Any CPU.ActiveCfg = Release|Any CPU
		{84F72CC7-5C17-4F2B-AB13-C955F9980DB1}.Release|Any CPU.Build.0 = Release|Any CPU
		{84F72CC7-5C17-4F2B-AB13-C955F9980DB1}.Release|x64.ActiveCfg = Release|Any CPU
		{84F72CC7-5C17-4F2B-AB13-C955F9980DB1}.Release|x64.Build.0 = Release|Any CPU
		{84F72CC7-5C17-4F2B-AB13-C955F9980DB1}.Release|x86.ActiveCfg = Release|Any CPU
		{84F72CC7-5C17-4F2B-AB13-C955F9980DB1}.Release|x86.Build.0 = Release|Any CPU
		{BAB5ACAB-F99D-40DA-ABD8-27EA1E7F8DFC}.Debug|Any CPU.ActiveCfg = Debug|Any CPU
		{BAB5ACAB-F99D-40DA-ABD8-27EA1E7F8DFC}.Debug|Any CPU.Build.0 = Debug|Any CPU
		{BAB5ACAB-F99D-40DA-ABD8-27EA1E7F8DFC}.Debug|x64.ActiveCfg = Debug|Any CPU
		{BAB5ACAB-F99D-40DA-ABD8-27EA1E7F8DFC}.Debug|x64.Build.0 = Debug|Any CPU
		{BAB5ACAB-F99D-40DA-ABD8-27EA1E7F8DFC}.Debug|x86.ActiveCfg = Debug|Any CPU
		{BAB5ACAB-F99D-40DA-ABD8-27EA1E7F8DFC}.Debug|x86.Build.0 = Debug|Any CPU
		{BAB5ACAB-F99D-40DA-ABD8-27EA1E7F8DFC}.Release|Any CPU.ActiveCfg = Release|Any CPU
		{BAB5ACAB-F99D-40DA-ABD8-27EA1E7F8DFC}.Release|Any CPU.Build.0 = Release|Any CPU
		{BAB5ACAB-F99D-40DA-ABD8-27EA1E7F8DFC}.Release|x64.ActiveCfg = Release|Any CPU
		{BAB5ACAB-F99D-40DA-ABD8-27EA1E7F8DFC}.Release|x64.Build.0 = Release|Any CPU
		{BAB5ACAB-F99D-40DA-ABD8-27EA1E7F8DFC}.Release|x86.ActiveCfg = Release|Any CPU
		{BAB5ACAB-F99D-40DA-ABD8-27EA1E7F8DFC}.Release|x86.Build.0 = Release|Any CPU
		{7C2FECEF-AE1C-4482-90F3-DBA52658BFE5}.Debug|Any CPU.ActiveCfg = Debug|Any CPU
		{7C2FECEF-AE1C-4482-90F3-DBA52658BFE5}.Debug|Any CPU.Build.0 = Debug|Any CPU
		{7C2FECEF-AE1C-4482-90F3-DBA52658BFE5}.Debug|x64.ActiveCfg = Debug|Any CPU
		{7C2FECEF-AE1C-4482-90F3-DBA52658BFE5}.Debug|x64.Build.0 = Debug|Any CPU
		{7C2FECEF-AE1C-4482-90F3-DBA52658BFE5}.Debug|x86.ActiveCfg = Debug|Any CPU
		{7C2FECEF-AE1C-4482-90F3-DBA52658BFE5}.Debug|x86.Build.0 = Debug|Any CPU
		{7C2FECEF-AE1C-4482-90F3-DBA52658BFE5}.Release|Any CPU.ActiveCfg = Release|Any CPU
		{7C2FECEF-AE1C-4482-90F3-DBA52658BFE5}.Release|Any CPU.Build.0 = Release|Any CPU
		{7C2FECEF-AE1C-4482-90F3-DBA52658BFE5}.Release|x64.ActiveCfg = Release|Any CPU
		{7C2FECEF-AE1C-4482-90F3-DBA52658BFE5}.Release|x64.Build.0 = Release|Any CPU
		{7C2FECEF-AE1C-4482-90F3-DBA52658BFE5}.Release|x86.ActiveCfg = Release|Any CPU
		{7C2FECEF-AE1C-4482-90F3-DBA52658BFE5}.Release|x86.Build.0 = Release|Any CPU
		{D8A2B2D0-6782-480A-9C22-17AED0479471}.Debug|Any CPU.ActiveCfg = Debug|Any CPU
		{D8A2B2D0-6782-480A-9C22-17AED0479471}.Debug|Any CPU.Build.0 = Debug|Any CPU
		{D8A2B2D0-6782-480A-9C22-17AED0479471}.Debug|x64.ActiveCfg = Debug|Any CPU
		{D8A2B2D0-6782-480A-9C22-17AED0479471}.Debug|x64.Build.0 = Debug|Any CPU
		{D8A2B2D0-6782-480A-9C22-17AED0479471}.Debug|x86.ActiveCfg = Debug|Any CPU
		{D8A2B2D0-6782-480A-9C22-17AED0479471}.Debug|x86.Build.0 = Debug|Any CPU
		{D8A2B2D0-6782-480A-9C22-17AED0479471}.Release|Any CPU.ActiveCfg = Release|Any CPU
		{D8A2B2D0-6782-480A-9C22-17AED0479471}.Release|Any CPU.Build.0 = Release|Any CPU
		{D8A2B2D0-6782-480A-9C22-17AED0479471}.Release|x64.ActiveCfg = Release|Any CPU
		{D8A2B2D0-6782-480A-9C22-17AED0479471}.Release|x64.Build.0 = Release|Any CPU
		{D8A2B2D0-6782-480A-9C22-17AED0479471}.Release|x86.ActiveCfg = Release|Any CPU
		{D8A2B2D0-6782-480A-9C22-17AED0479471}.Release|x86.Build.0 = Release|Any CPU
		{A1B2C3D4-E5F6-7890-ABCD-123456789012}.Debug|Any CPU.ActiveCfg = Debug|Any CPU
		{A1B2C3D4-E5F6-7890-ABCD-123456789012}.Debug|Any CPU.Build.0 = Debug|Any CPU
		{A1B2C3D4-E5F6-7890-ABCD-123456789012}.Debug|x64.ActiveCfg = Debug|Any CPU
		{A1B2C3D4-E5F6-7890-ABCD-123456789012}.Debug|x64.Build.0 = Debug|Any CPU
		{A1B2C3D4-E5F6-7890-ABCD-123456789012}.Debug|x86.ActiveCfg = Debug|Any CPU
		{A1B2C3D4-E5F6-7890-ABCD-123456789012}.Debug|x86.Build.0 = Debug|Any CPU
		{A1B2C3D4-E5F6-7890-ABCD-123456789012}.Release|Any CPU.ActiveCfg = Release|Any CPU
		{A1B2C3D4-E5F6-7890-ABCD-123456789012}.Release|Any CPU.Build.0 = Release|Any CPU
		{A1B2C3D4-E5F6-7890-ABCD-123456789012}.Release|x64.ActiveCfg = Release|Any CPU
		{A1B2C3D4-E5F6-7890-ABCD-123456789012}.Release|x64.Build.0 = Release|Any CPU
		{A1B2C3D4-E5F6-7890-ABCD-123456789012}.Release|x86.ActiveCfg = Release|Any CPU
		{A1B2C3D4-E5F6-7890-ABCD-123456789012}.Release|x86.Build.0 = Release|Any CPU
	EndGlobalSection
	GlobalSection(SolutionProperties) = preSolution
		HideSolutionNode = FALSE
	EndGlobalSection
EndGlobal
